{
  "name": "ynab-sms",
  "version": "1.0.0",
  "lockfileVersion": 1,
  "requires": true,
  "dependencies": {
    "arr-union": {
      "version": "3.1.0",
      "resolved": "https://registry.npmjs.org/arr-union/-/arr-union-3.1.0.tgz",
      "integrity": "sha1-45sJrqne+Gao8gbiiK9jkZuuOcQ="
    },
    "bytewise": {
      "version": "1.1.0",
      "resolved": "https://registry.npmjs.org/bytewise/-/bytewise-1.1.0.tgz",
      "integrity": "sha1-HRPL/3F65xWAlKqIGzXQgbOHJT4=",
      "requires": {
        "bytewise-core": "^1.2.2",
        "typewise": "^1.0.3"
      }
    },
    "bytewise-core": {
      "version": "1.2.3",
      "resolved": "https://registry.npmjs.org/bytewise-core/-/bytewise-core-1.2.3.tgz",
      "integrity": "sha1-P7QQx+kVWOsasiqCg0V3qmvWHUI=",
      "requires": {
        "typewise-core": "^1.2"
      }
    },
    "dotenv": {
      "version": "8.0.0",
      "resolved": "https://registry.npmjs.org/dotenv/-/dotenv-8.0.0.tgz",
      "integrity": "sha512-30xVGqjLjiUOArT4+M5q9sYdvuR4riM6yK9wMcas9Vbp6zZa+ocC9dp6QoftuhTPhFAiLK/0C5Ni2nou/Bk8lg=="
    },
    "encoding": {
      "version": "0.1.12",
      "resolved": "https://registry.npmjs.org/encoding/-/encoding-0.1.12.tgz",
      "integrity": "sha1-U4tm8+5izRq1HsMjgp0flIDHS+s=",
      "requires": {
        "iconv-lite": "~0.4.13"
      }
    },
    "extend-shallow": {
      "version": "2.0.1",
      "resolved": "https://registry.npmjs.org/extend-shallow/-/extend-shallow-2.0.1.tgz",
      "integrity": "sha1-Ua99YUrZqfYQ6huvu5idaxxWiQ8=",
      "requires": {
        "is-extendable": "^0.1.0"
      }
    },
    "get-value": {
      "version": "2.0.6",
      "resolved": "https://registry.npmjs.org/get-value/-/get-value-2.0.6.tgz",
      "integrity": "sha1-3BXKHGcjh8p2vTesCjlbogQqLCg="
    },
    "iconv-lite": {
      "version": "0.4.24",
      "resolved": "https://registry.npmjs.org/iconv-lite/-/iconv-lite-0.4.24.tgz",
      "integrity": "sha512-v3MXnZAcvnywkTUEZomIActle7RXXeedOR31wwl7VlyoXO4Qi9arvSenNQWne1TcRwhCL1HwLI21bEqdpj8/rA==",
      "requires": {
        "safer-buffer": ">= 2.1.2 < 3"
      }
    },
    "is-buffer": {
      "version": "1.1.6",
      "resolved": "https://registry.npmjs.org/is-buffer/-/is-buffer-1.1.6.tgz",
      "integrity": "sha512-NcdALwpXkTm5Zvvbk7owOUSvVvBKDgKP5/ewfXEznmQFfs4ZRmanOeKBTjRVjka3QFoN6XJ+9F3USqfHqTaU5w=="
    },
    "is-extendable": {
      "version": "0.1.1",
      "resolved": "https://registry.npmjs.org/is-extendable/-/is-extendable-0.1.1.tgz",
      "integrity": "sha1-YrEQ4omkcUGOPsNqYX1HLjAd/Ik="
    },
    "is-plain-object": {
      "version": "2.0.4",
      "resolved": "https://registry.npmjs.org/is-plain-object/-/is-plain-object-2.0.4.tgz",
      "integrity": "sha512-h5PpgXkWitc38BBMYawTYMWJHFZJVnBquFE57xFpjB8pJFiF6gZ+bU+WyI/yqXiFR5mdLsgYNaPe8uao6Uv9Og==",
      "requires": {
        "isobject": "^3.0.1"
      }
    },
    "is-stream": {
      "version": "1.1.0",
      "resolved": "https://registry.npmjs.org/is-stream/-/is-stream-1.1.0.tgz",
      "integrity": "sha1-EtSj3U5o4Lec6428hBc66A2RykQ="
    },
    "isobject": {
      "version": "3.0.1",
      "resolved": "https://registry.npmjs.org/isobject/-/isobject-3.0.1.tgz",
      "integrity": "sha1-TkMekrEalzFjaqH5yNHMvP2reN8="
    },
    "kind-of": {
      "version": "3.2.2",
      "resolved": "https://registry.npmjs.org/kind-of/-/kind-of-3.2.2.tgz",
      "integrity": "sha1-MeohpzS6ubuw8yRm2JOupR5KPGQ=",
      "requires": {
        "is-buffer": "^1.1.5"
      }
    },
    "messagebird": {
      "version": "2.4.1",
      "resolved": "https://registry.npmjs.org/messagebird/-/messagebird-2.4.1.tgz",
      "integrity": "sha512-ZsWotkSG/5zV/5ScNb0FGqOq74WTSEY5bQGY77xcGflTuXxPYa7GuwZXQYVUb5lHLi8gzz5tluJBkgXXfSUWSA==",
      "requires": {
        "safe-buffer": "^5.1.2",
        "scmp": "^2.0.0",
        "sort-object": "^3.0.2"
      }
    },
    "node-fetch": {
      "version": "1.7.3",
      "resolved": "https://registry.npmjs.org/node-fetch/-/node-fetch-1.7.3.tgz",
      "integrity": "sha512-NhZ4CsKx7cYm2vSrBAr2PvFOe6sWDf0UYLRqA6svUYg7+/TSfVAu49jYC4BvQ4Sms9SZgdqGBgroqfDhJdTyKQ==",
      "requires": {
        "encoding": "^0.1.11",
        "is-stream": "^1.0.1"
      }
    },
    "portable-fetch": {
      "version": "3.0.0",
      "resolved": "https://registry.npmjs.org/portable-fetch/-/portable-fetch-3.0.0.tgz",
      "integrity": "sha1-PL9KptvFpXNLQcBBnJJzMTv9mtg=",
      "requires": {
        "node-fetch": "^1.0.1",
        "whatwg-fetch": ">=0.10.0"
      }
    },
    "safe-buffer": {
      "version": "5.1.2",
      "resolved": "https://registry.npmjs.org/safe-buffer/-/safe-buffer-5.1.2.tgz",
      "integrity": "sha512-Gd2UZBJDkXlY7GbJxfsE8/nvKkUEU1G38c1siN6QP6a9PT9MmHB8GnpscSmMJSoF8LOIrt8ud/wPtojys4G6+g=="
    },
    "safer-buffer": {
      "version": "2.1.2",
      "resolved": "https://registry.npmjs.org/safer-buffer/-/safer-buffer-2.1.2.tgz",
      "integrity": "sha512-YZo3K82SD7Riyi0E1EQPojLz7kpepnSQI9IyPbHHg1XXXevb5dJI7tpyN2ADxGcQbHG7vcyRHk0cbwqcQriUtg=="
    },
    "scmp": {
      "version": "2.0.0",
      "resolved": "https://registry.npmjs.org/scmp/-/scmp-2.0.0.tgz",
      "integrity": "sha1-JHEQ7yLM+JexOj8KvdtSeCOTzWo="
    },
    "set-value": {
      "version": "0.4.3",
      "resolved": "https://registry.npmjs.org/set-value/-/set-value-0.4.3.tgz",
      "integrity": "sha1-fbCPnT0i3H945Trzw79GZuzfzPE=",
      "requires": {
        "extend-shallow": "^2.0.1",
        "is-extendable": "^0.1.1",
        "is-plain-object": "^2.0.1",
        "to-object-path": "^0.3.0"
      }
    },
    "sort-asc": {
      "version": "0.2.0",
      "resolved": "https://registry.npmjs.org/sort-asc/-/sort-asc-0.2.0.tgz",
      "integrity": "sha1-AKSelHvCXVEL/eLLuN/9qfUOsvw="
    },
    "sort-desc": {
      "version": "0.2.0",
      "resolved": "https://registry.npmjs.org/sort-desc/-/sort-desc-0.2.0.tgz",
      "integrity": "sha1-KAwb2vxld4h87brR7S5BwDeXZkY="
    },
    "sort-object": {
      "version": "3.0.2",
      "resolved": "https://registry.npmjs.org/sort-object/-/sort-object-3.0.2.tgz",
      "integrity": "sha1-2vK2k/YR990qIbgrgF5OrCMPdV4=",
      "requires": {
        "bytewise": "^1.1.0",
        "get-value": "^2.0.2",
        "is-extendable": "^0.1.1",
        "sort-asc": "^0.2.0",
        "sort-desc": "^0.2.0",
        "union-value": "^0.2.3"
      }
    },
    "to-object-path": {
      "version": "0.3.0",
      "resolved": "https://registry.npmjs.org/to-object-path/-/to-object-path-0.3.0.tgz",
      "integrity": "sha1-KXWIt7Dn4KwI4E5nL4XB9JmeF68=",
      "requires": {
        "kind-of": "^3.0.2"
      }
    },
    "typewise": {
      "version": "1.0.3",
      "resolved": "https://registry.npmjs.org/typewise/-/typewise-1.0.3.tgz",
      "integrity": "sha1-EGeTZUCvl5N8xdz5kiSG6fooRlE=",
      "requires": {
        "typewise-core": "^1.2.0"
      }
    },
    "typewise-core": {
      "version": "1.2.0",
      "resolved": "https://registry.npmjs.org/typewise-core/-/typewise-core-1.2.0.tgz",
      "integrity": "sha1-l+uRgFx/VdL5QXSPpQ0xXZke8ZU="
    },
    "union-value": {
      "version": "0.2.4",
      "resolved": "https://registry.npmjs.org/union-value/-/union-value-0.2.4.tgz",
      "integrity": "sha1-c3UVJ4ZnkFfns3qmdug0aPwCdPA=",
      "requires": {
        "arr-union": "^3.1.0",
        "get-value": "^2.0.6",
        "is-extendable": "^0.1.1",
        "set-value": "^0.4.3"
      }
    },
    "whatwg-fetch": {
      "version": "3.0.0",
      "resolved": "https://registry.npmjs.org/whatwg-fetch/-/whatwg-fetch-3.0.0.tgz",
      "integrity": "sha512-9GSJUgz1D4MfyKU7KRqwOjXCXTqWdFNvEr7eUBYchQiVc744mqK/MzXPNR2WsPkmkOa4ywfg8C2n8h+13Bey1Q=="
    },
    "ynab": {
      "version": "1.12.0",
      "resolved": "https://registry.npmjs.org/ynab/-/ynab-1.12.0.tgz",
      "integrity": "sha512-ldqzxAVfM8DorYMiFj9ig50/rjLvv0XzaZNLQ/muSAzYRqpkmyYJAt1j2OWj16lh0br1U8KNkSDozxBMEjrVLg==",
      "requires": {
        "portable-fetch": "^3.0.0"
      }
    }
  }
}
